// !$*UTF8*$!
{
	archiveVersion = 1;
	classes = {
	};
	objectVersion = 46;
	objects = {

/* Begin PBXBuildFile section */
		7103FE9118A1ED6A0047EFAD /* locationIcon_done.png in Resources */ = {isa = PBXBuildFile; fileRef = 7103FE8E18A1ED6A0047EFAD /* locationIcon_done.png */; };
		7103FE9218A1ED6A0047EFAD /* peopleIcon_done.png in Resources */ = {isa = PBXBuildFile; fileRef = 7103FE8F18A1ED6A0047EFAD /* peopleIcon_done.png */; };
		7103FE9318A1ED6A0047EFAD /* TimeIcon_done.png in Resources */ = {isa = PBXBuildFile; fileRef = 7103FE9018A1ED6A0047EFAD /* TimeIcon_done.png */; };
		7103FE9718A9C1A30047EFAD /* PageViewController.m in Sources */ = {isa = PBXBuildFile; fileRef = 7103FE9618A9C1A30047EFAD /* PageViewController.m */; };
		7103FE9A18A9C2820047EFAD /* PageContentViewController.m in Sources */ = {isa = PBXBuildFile; fileRef = 7103FE9918A9C2820047EFAD /* PageContentViewController.m */; };
		7103FE9D18AA0BE70047EFAD /* greyheart_done.png in Resources */ = {isa = PBXBuildFile; fileRef = 7103FE9B18AA0BE70047EFAD /* greyheart_done.png */; };
		7103FE9E18AA0BE70047EFAD /* greytick_done.png in Resources */ = {isa = PBXBuildFile; fileRef = 7103FE9C18AA0BE70047EFAD /* greytick_done.png */; };
		7103FEA118AA1A220047EFAD /* CommentViewController.m in Sources */ = {isa = PBXBuildFile; fileRef = 7103FEA018AA1A220047EFAD /* CommentViewController.m */; };
		7103FEA418AAE99E0047EFAD /* FullScreenImageController.m in Sources */ = {isa = PBXBuildFile; fileRef = 7103FEA318AAE99E0047EFAD /* FullScreenImageController.m */; };
		7104A7A01824D1B500EB3AD5 /* EventListFetchModel.m in Sources */ = {isa = PBXBuildFile; fileRef = 7104A79F1824D1B500EB3AD5 /* EventListFetchModel.m */; };
		712A2C5B1883A4EA00BF3AC6 /* DataTransferModel.m in Sources */ = {isa = PBXBuildFile; fileRef = 712A2C581883A4EA00BF3AC6 /* DataTransferModel.m */; };
		712A2C5C1883A4EA00BF3AC6 /* URLConstructModel.m in Sources */ = {isa = PBXBuildFile; fileRef = 712A2C5A1883A4EA00BF3AC6 /* URLConstructModel.m */; };
		712A2C6B1884FBBF00BF3AC6 /* RecommandViewController.m in Sources */ = {isa = PBXBuildFile; fileRef = 712A2C6A1884FBBF00BF3AC6 /* RecommandViewController.m */; };
		7185DF9618B9609A00C3DE90 /* EventPostModel.m in Sources */ = {isa = PBXBuildFile; fileRef = 7185DF9518B9609A00C3DE90 /* EventPostModel.m */; };
		7185DF9B18B9AF4F00C3DE90 /* ProgressHUD.bundle in Resources */ = {isa = PBXBuildFile; fileRef = 7185DF9818B9AF4F00C3DE90 /* ProgressHUD.bundle */; };
		7185DF9C18B9AF4F00C3DE90 /* ProgressHUD.m in Sources */ = {isa = PBXBuildFile; fileRef = 7185DF9A18B9AF4F00C3DE90 /* ProgressHUD.m */; };
		718C9011185DA0A300D86EA1 /* TemplateTableCell.m in Sources */ = {isa = PBXBuildFile; fileRef = 718C9010185DA0A300D86EA1 /* TemplateTableCell.m */; };
		71910225185EE0F300B81F77 /* Localrecord.json in Resources */ = {isa = PBXBuildFile; fileRef = 71910224185EE0F300B81F77 /* Localrecord.json */; };
		7191C6371808024100E86482 /* EventDetailViewController.m in Sources */ = {isa = PBXBuildFile; fileRef = 7191C6361808024100E86482 /* EventDetailViewController.m */; };
		7191C63D18080A4E00E86482 /* MainTabViewController.m in Sources */ = {isa = PBXBuildFile; fileRef = 7191C63C18080A4E00E86482 /* MainTabViewController.m */; };
		719664651879BB1900D8BC7B /* popoverAlterModel.m in Sources */ = {isa = PBXBuildFile; fileRef = 719664641879BB1900D8BC7B /* popoverAlterModel.m */; };
		71974BB41869A618004493DC /* CQMFloatingContentOverlayView.m in Sources */ = {isa = PBXBuildFile; fileRef = 71974BA81869A618004493DC /* CQMFloatingContentOverlayView.m */; };
		71974BB51869A618004493DC /* CQMFloatingController.m in Sources */ = {isa = PBXBuildFile; fileRef = 71974BAA1869A618004493DC /* CQMFloatingController.m */; };
		71974BB61869A618004493DC /* CQMFloatingFrameView.m in Sources */ = {isa = PBXBuildFile; fileRef = 71974BAC1869A618004493DC /* CQMFloatingFrameView.m */; };
		71974BB71869A618004493DC /* CQMFloatingMaskControl.m in Sources */ = {isa = PBXBuildFile; fileRef = 71974BAE1869A618004493DC /* CQMFloatingMaskControl.m */; };
		71974BB81869A618004493DC /* CQMFloatingNavigationBar.m in Sources */ = {isa = PBXBuildFile; fileRef = 71974BB11869A618004493DC /* CQMFloatingNavigationBar.m */; };
		71974BB91869A618004493DC /* CQMPathUtilities.m in Sources */ = {isa = PBXBuildFile; fileRef = 71974BB31869A618004493DC /* CQMPathUtilities.m */; };
		719CE1DA1874627500D2F058 /* FormatingModel.m in Sources */ = {isa = PBXBuildFile; fileRef = 719CE1D91874627500D2F058 /* FormatingModel.m */; };
		71A6D0DE18CC234E005A0F6E /* redheart.png in Resources */ = {isa = PBXBuildFile; fileRef = 71A6D0DD18CC234E005A0F6E /* redheart.png */; };
		71AF5EFC18250D660013ABB3 /* EventFetchModel.m in Sources */ = {isa = PBXBuildFile; fileRef = 71AF5EFB18250D660013ABB3 /* EventFetchModel.m */; };
		71B763C11807830A00717D67 /* EventListViewController.m in Sources */ = {isa = PBXBuildFile; fileRef = 71B763C01807830A00717D67 /* EventListViewController.m */; };
		71D7AF50189DF3E70082A6AA /* event1.jpg in Resources */ = {isa = PBXBuildFile; fileRef = 71D7AF4C189DF3E70082A6AA /* event1.jpg */; };
		71D7AF51189DF3E70082A6AA /* event2.jpg in Resources */ = {isa = PBXBuildFile; fileRef = 71D7AF4D189DF3E70082A6AA /* event2.jpg */; };
		71D7AF52189DF3E70082A6AA /* event3.jpg in Resources */ = {isa = PBXBuildFile; fileRef = 71D7AF4E189DF3E70082A6AA /* event3.jpg */; };
		71D7AF53189DF3E70082A6AA /* event4.jpg in Resources */ = {isa = PBXBuildFile; fileRef = 71D7AF4F189DF3E70082A6AA /* event4.jpg */; };
		71D830AE18E7D0D200485B1B /* MobileCoreServices.framework in Frameworks */ = {isa = PBXBuildFile; fileRef = 71D830AD18E7D0D200485B1B /* MobileCoreServices.framework */; };
		71D830B018E9927300485B1B /* 152_152icon.png in Resources */ = {isa = PBXBuildFile; fileRef = 71D830AF18E9927300485B1B /* 152_152icon.png */; };
		71D830B218E9AB9E00485B1B /* underconstruction.jpg in Resources */ = {isa = PBXBuildFile; fileRef = 71D830B118E9AB9E00485B1B /* underconstruction.jpg */; };
		71DFFA43182104C900269E3E /* SettingPageViewController.m in Sources */ = {isa = PBXBuildFile; fileRef = 71DFFA42182104C900269E3E /* SettingPageViewController.m */; };
		71DFFA4518210FAA00269E3E /* CFNetwork.framework in Frameworks */ = {isa = PBXBuildFile; fileRef = 71DFFA4418210FAA00269E3E /* CFNetwork.framework */; };
		71DFFA4718210FB200269E3E /* Security.framework in Frameworks */ = {isa = PBXBuildFile; fileRef = 71DFFA4618210FB200269E3E /* Security.framework */; };
		71DFFA48182115A900269E3E /* Main.storyboard in Resources */ = {isa = PBXBuildFile; fileRef = 71F3219C17F830D700FFFB95 /* Main.storyboard */; };
		71EE867818784D63007FD900 /* backgroundImage.png in Resources */ = {isa = PBXBuildFile; fileRef = 71EE867618784D63007FD900 /* backgroundImage.png */; };
		71EE867918784D63007FD900 /* profileImage.png in Resources */ = {isa = PBXBuildFile; fileRef = 71EE867718784D63007FD900 /* profileImage.png */; };
		71EE867D18784E04007FD900 /* LoginViewController.m in Sources */ = {isa = PBXBuildFile; fileRef = 71EE867B18784E04007FD900 /* LoginViewController.m */; };
		71EE867E18784E04007FD900 /* LoginViewController.xib in Resources */ = {isa = PBXBuildFile; fileRef = 71EE867C18784E04007FD900 /* LoginViewController.xib */; };
		71EE8685187854B6007FD900 /* ProfilePageViewController.m in Sources */ = {isa = PBXBuildFile; fileRef = 71EE8684187854B6007FD900 /* ProfilePageViewController.m */; };
		71F3218B17F830D700FFFB95 /* Foundation.framework in Frameworks */ = {isa = PBXBuildFile; fileRef = 71F3218A17F830D700FFFB95 /* Foundation.framework */; };
		71F3218D17F830D700FFFB95 /* CoreGraphics.framework in Frameworks */ = {isa = PBXBuildFile; fileRef = 71F3218C17F830D700FFFB95 /* CoreGraphics.framework */; };
		71F3218F17F830D700FFFB95 /* UIKit.framework in Frameworks */ = {isa = PBXBuildFile; fileRef = 71F3218E17F830D700FFFB95 /* UIKit.framework */; };
		71F3219517F830D700FFFB95 /* InfoPlist.strings in Resources */ = {isa = PBXBuildFile; fileRef = 71F3219317F830D700FFFB95 /* InfoPlist.strings */; };
		71F3219717F830D700FFFB95 /* main.m in Sources */ = {isa = PBXBuildFile; fileRef = 71F3219617F830D700FFFB95 /* main.m */; };
		71F3219B17F830D700FFFB95 /* AppDelegate.m in Sources */ = {isa = PBXBuildFile; fileRef = 71F3219A17F830D700FFFB95 /* AppDelegate.m */; };
		71F321A617F830D700FFFB95 /* Images.xcassets in Resources */ = {isa = PBXBuildFile; fileRef = 71F321A517F830D700FFFB95 /* Images.xcassets */; };
		71F321AE17F830D700FFFB95 /* Foundation.framework in Frameworks */ = {isa = PBXBuildFile; fileRef = 71F3218A17F830D700FFFB95 /* Foundation.framework */; };
		71F321AF17F830D700FFFB95 /* UIKit.framework in Frameworks */ = {isa = PBXBuildFile; fileRef = 71F3218E17F830D700FFFB95 /* UIKit.framework */; };
		71F321B717F830D700FFFB95 /* InfoPlist.strings in Resources */ = {isa = PBXBuildFile; fileRef = 71F321B517F830D700FFFB95 /* InfoPlist.strings */; };
		71F321B917F830D700FFFB95 /* EventApp_AlphaTests.m in Sources */ = {isa = PBXBuildFile; fileRef = 71F321B817F830D700FFFB95 /* EventApp_AlphaTests.m */; };
		71F8A91F183C7CAB001AEF6A /* EventEdittingViewController.m in Sources */ = {isa = PBXBuildFile; fileRef = 71F8A91E183C7CAB001AEF6A /* EventEdittingViewController.m */; };
/* End PBXBuildFile section */

/* Begin PBXContainerItemProxy section */
		71F321B017F830D700FFFB95 /* PBXContainerItemProxy */ = {
			isa = PBXContainerItemProxy;
			containerPortal = 71F3217F17F830D700FFFB95 /* Project object */;
			proxyType = 1;
			remoteGlobalIDString = 71F3218617F830D700FFFB95;
			remoteInfo = EventApp_Alpha;
		};
/* End PBXContainerItemProxy section */

/* Begin PBXFileReference section */
		7103FE8E18A1ED6A0047EFAD /* locationIcon_done.png */ = {isa = PBXFileReference; lastKnownFileType = image.png; name = locationIcon_done.png; path = Images/locationIcon_done.png; sourceTree = "<group>"; };
		7103FE8F18A1ED6A0047EFAD /* peopleIcon_done.png */ = {isa = PBXFileReference; lastKnownFileType = image.png; name = peopleIcon_done.png; path = Images/peopleIcon_done.png; sourceTree = "<group>"; };
		7103FE9018A1ED6A0047EFAD /* TimeIcon_done.png */ = {isa = PBXFileReference; lastKnownFileType = image.png; name = TimeIcon_done.png; path = Images/TimeIcon_done.png; sourceTree = "<group>"; };
		7103FE9518A9C1A30047EFAD /* PageViewController.h */ = {isa = PBXFileReference; fileEncoding = 4; lastKnownFileType = sourcecode.c.h; name = PageViewController.h; path = ViewController/PageViewController.h; sourceTree = "<group>"; };
		7103FE9618A9C1A30047EFAD /* PageViewController.m */ = {isa = PBXFileReference; fileEncoding = 4; lastKnownFileType = sourcecode.c.objc; name = PageViewController.m; path = ViewController/PageViewController.m; sourceTree = "<group>"; };
		7103FE9818A9C2820047EFAD /* PageContentViewController.h */ = {isa = PBXFileReference; fileEncoding = 4; lastKnownFileType = sourcecode.c.h; name = PageContentViewController.h; path = ViewController/PageContentViewController.h; sourceTree = "<group>"; };
		7103FE9918A9C2820047EFAD /* PageContentViewController.m */ = {isa = PBXFileReference; fileEncoding = 4; lastKnownFileType = sourcecode.c.objc; name = PageContentViewController.m; path = ViewController/PageContentViewController.m; sourceTree = "<group>"; };
		7103FE9B18AA0BE70047EFAD /* greyheart_done.png */ = {isa = PBXFileReference; lastKnownFileType = image.png; name = greyheart_done.png; path = Images/greyheart_done.png; sourceTree = "<group>"; };
		7103FE9C18AA0BE70047EFAD /* greytick_done.png */ = {isa = PBXFileReference; lastKnownFileType = image.png; name = greytick_done.png; path = Images/greytick_done.png; sourceTree = "<group>"; };
		7103FE9F18AA1A220047EFAD /* CommentViewController.h */ = {isa = PBXFileReference; fileEncoding = 4; lastKnownFileType = sourcecode.c.h; name = CommentViewController.h; path = ViewController/CommentViewController.h; sourceTree = "<group>"; };
		7103FEA018AA1A220047EFAD /* CommentViewController.m */ = {isa = PBXFileReference; fileEncoding = 4; lastKnownFileType = sourcecode.c.objc; name = CommentViewController.m; path = ViewController/CommentViewController.m; sourceTree = "<group>"; };
		7103FEA218AAE99E0047EFAD /* FullScreenImageController.h */ = {isa = PBXFileReference; fileEncoding = 4; lastKnownFileType = sourcecode.c.h; name = FullScreenImageController.h; path = ViewController/FullScreenImageController.h; sourceTree = "<group>"; };
		7103FEA318AAE99E0047EFAD /* FullScreenImageController.m */ = {isa = PBXFileReference; fileEncoding = 4; lastKnownFileType = sourcecode.c.objc; name = FullScreenImageController.m; path = ViewController/FullScreenImageController.m; sourceTree = "<group>"; };
		7104A79E1824D1B500EB3AD5 /* EventListFetchModel.h */ = {isa = PBXFileReference; fileEncoding = 4; lastKnownFileType = sourcecode.c.h; name = EventListFetchModel.h; path = Model/EventListFetchModel.h; sourceTree = "<group>"; };
		7104A79F1824D1B500EB3AD5 /* EventListFetchModel.m */ = {isa = PBXFileReference; fileEncoding = 4; lastKnownFileType = sourcecode.c.objc; name = EventListFetchModel.m; path = Model/EventListFetchModel.m; sourceTree = "<group>"; };
		712A2C571883A4EA00BF3AC6 /* DataTransferModel.h */ = {isa = PBXFileReference; fileEncoding = 4; lastKnownFileType = sourcecode.c.h; name = DataTransferModel.h; path = Model/DataTransferModel.h; sourceTree = "<group>"; };
		712A2C581883A4EA00BF3AC6 /* DataTransferModel.m */ = {isa = PBXFileReference; fileEncoding = 4; lastKnownFileType = sourcecode.c.objc; name = DataTransferModel.m; path = Model/DataTransferModel.m; sourceTree = "<group>"; };
		712A2C591883A4EA00BF3AC6 /* URLConstructModel.h */ = {isa = PBXFileReference; fileEncoding = 4; lastKnownFileType = sourcecode.c.h; name = URLConstructModel.h; path = Model/URLConstructModel.h; sourceTree = "<group>"; };
		712A2C5A1883A4EA00BF3AC6 /* URLConstructModel.m */ = {isa = PBXFileReference; fileEncoding = 4; lastKnownFileType = sourcecode.c.objc; name = URLConstructModel.m; path = Model/URLConstructModel.m; sourceTree = "<group>"; };
		712A2C691884FBBF00BF3AC6 /* RecommandViewController.h */ = {isa = PBXFileReference; fileEncoding = 4; lastKnownFileType = sourcecode.c.h; name = RecommandViewController.h; path = ViewController/RecommandViewController.h; sourceTree = "<group>"; };
		712A2C6A1884FBBF00BF3AC6 /* RecommandViewController.m */ = {isa = PBXFileReference; fileEncoding = 4; lastKnownFileType = sourcecode.c.objc; name = RecommandViewController.m; path = ViewController/RecommandViewController.m; sourceTree = "<group>"; };
		7185DF9418B9609A00C3DE90 /* EventPostModel.h */ = {isa = PBXFileReference; fileEncoding = 4; lastKnownFileType = sourcecode.c.h; name = EventPostModel.h; path = Model/EventPostModel.h; sourceTree = "<group>"; };
		7185DF9518B9609A00C3DE90 /* EventPostModel.m */ = {isa = PBXFileReference; fileEncoding = 4; lastKnownFileType = sourcecode.c.objc; name = EventPostModel.m; path = Model/EventPostModel.m; sourceTree = "<group>"; };
		7185DF9818B9AF4F00C3DE90 /* ProgressHUD.bundle */ = {isa = PBXFileReference; lastKnownFileType = "wrapper.plug-in"; path = ProgressHUD.bundle; sourceTree = "<group>"; };
		7185DF9918B9AF4F00C3DE90 /* ProgressHUD.h */ = {isa = PBXFileReference; fileEncoding = 4; lastKnownFileType = sourcecode.c.h; path = ProgressHUD.h; sourceTree = "<group>"; };
		7185DF9A18B9AF4F00C3DE90 /* ProgressHUD.m */ = {isa = PBXFileReference; fileEncoding = 4; lastKnownFileType = sourcecode.c.objc; path = ProgressHUD.m; sourceTree = "<group>"; };
		718C900F185DA0A300D86EA1 /* TemplateTableCell.h */ = {isa = PBXFileReference; fileEncoding = 4; lastKnownFileType = sourcecode.c.h; name = TemplateTableCell.h; path = ViewController/TemplateTableCell.h; sourceTree = "<group>"; };
		718C9010185DA0A300D86EA1 /* TemplateTableCell.m */ = {isa = PBXFileReference; fileEncoding = 4; lastKnownFileType = sourcecode.c.objc; name = TemplateTableCell.m; path = ViewController/TemplateTableCell.m; sourceTree = "<group>"; };
		71910224185EE0F300B81F77 /* Localrecord.json */ = {isa = PBXFileReference; fileEncoding = 4; lastKnownFileType = text.json; path = Localrecord.json; sourceTree = "<group>"; };
		7191C6351808024100E86482 /* EventDetailViewController.h */ = {isa = PBXFileReference; fileEncoding = 4; lastKnownFileType = sourcecode.c.h; name = EventDetailViewController.h; path = ViewController/EventDetailViewController.h; sourceTree = "<group>"; };
		7191C6361808024100E86482 /* EventDetailViewController.m */ = {isa = PBXFileReference; fileEncoding = 4; lastKnownFileType = sourcecode.c.objc; name = EventDetailViewController.m; path = ViewController/EventDetailViewController.m; sourceTree = "<group>"; };
		7191C63B18080A4E00E86482 /* MainTabViewController.h */ = {isa = PBXFileReference; fileEncoding = 4; lastKnownFileType = sourcecode.c.h; name = MainTabViewController.h; path = ViewController/MainTabViewController.h; sourceTree = "<group>"; };
		7191C63C18080A4E00E86482 /* MainTabViewController.m */ = {isa = PBXFileReference; fileEncoding = 4; lastKnownFileType = sourcecode.c.objc; name = MainTabViewController.m; path = ViewController/MainTabViewController.m; sourceTree = "<group>"; };
		719664631879BB1900D8BC7B /* popoverAlterModel.h */ = {isa = PBXFileReference; fileEncoding = 4; lastKnownFileType = sourcecode.c.h; name = popoverAlterModel.h; path = Model/popoverAlterModel.h; sourceTree = "<group>"; };
		719664641879BB1900D8BC7B /* popoverAlterModel.m */ = {isa = PBXFileReference; fileEncoding = 4; lastKnownFileType = sourcecode.c.objc; name = popoverAlterModel.m; path = Model/popoverAlterModel.m; sourceTree = "<group>"; };
		71974BA71869A618004493DC /* CQMFloatingContentOverlayView.h */ = {isa = PBXFileReference; fileEncoding = 4; lastKnownFileType = sourcecode.c.h; path = CQMFloatingContentOverlayView.h; sourceTree = "<group>"; };
		71974BA81869A618004493DC /* CQMFloatingContentOverlayView.m */ = {isa = PBXFileReference; fileEncoding = 4; lastKnownFileType = sourcecode.c.objc; path = CQMFloatingContentOverlayView.m; sourceTree = "<group>"; };
		71974BA91869A618004493DC /* CQMFloatingController.h */ = {isa = PBXFileReference; fileEncoding = 4; lastKnownFileType = sourcecode.c.h; path = CQMFloatingController.h; sourceTree = "<group>"; };
		71974BAA1869A618004493DC /* CQMFloatingController.m */ = {isa = PBXFileReference; fileEncoding = 4; lastKnownFileType = sourcecode.c.objc; path = CQMFloatingController.m; sourceTree = "<group>"; };
		71974BAB1869A618004493DC /* CQMFloatingFrameView.h */ = {isa = PBXFileReference; fileEncoding = 4; lastKnownFileType = sourcecode.c.h; path = CQMFloatingFrameView.h; sourceTree = "<group>"; };
		71974BAC1869A618004493DC /* CQMFloatingFrameView.m */ = {isa = PBXFileReference; fileEncoding = 4; lastKnownFileType = sourcecode.c.objc; path = CQMFloatingFrameView.m; sourceTree = "<group>"; };
		71974BAD1869A618004493DC /* CQMFloatingMaskControl.h */ = {isa = PBXFileReference; fileEncoding = 4; lastKnownFileType = sourcecode.c.h; path = CQMFloatingMaskControl.h; sourceTree = "<group>"; };
		71974BAE1869A618004493DC /* CQMFloatingMaskControl.m */ = {isa = PBXFileReference; fileEncoding = 4; lastKnownFileType = sourcecode.c.objc; path = CQMFloatingMaskControl.m; sourceTree = "<group>"; };
		71974BAF1869A618004493DC /* CQMFloatingMaskControlDelegate.h */ = {isa = PBXFileReference; fileEncoding = 4; lastKnownFileType = sourcecode.c.h; path = CQMFloatingMaskControlDelegate.h; sourceTree = "<group>"; };
		71974BB01869A618004493DC /* CQMFloatingNavigationBar.h */ = {isa = PBXFileReference; fileEncoding = 4; lastKnownFileType = sourcecode.c.h; path = CQMFloatingNavigationBar.h; sourceTree = "<group>"; };
		71974BB11869A618004493DC /* CQMFloatingNavigationBar.m */ = {isa = PBXFileReference; fileEncoding = 4; lastKnownFileType = sourcecode.c.objc; path = CQMFloatingNavigationBar.m; sourceTree = "<group>"; };
		71974BB21869A618004493DC /* CQMPathUtilities.h */ = {isa = PBXFileReference; fileEncoding = 4; lastKnownFileType = sourcecode.c.h; path = CQMPathUtilities.h; sourceTree = "<group>"; };
		71974BB31869A618004493DC /* CQMPathUtilities.m */ = {isa = PBXFileReference; fileEncoding = 4; lastKnownFileType = sourcecode.c.objc; path = CQMPathUtilities.m; sourceTree = "<group>"; };
		719CE1D81874627500D2F058 /* FormatingModel.h */ = {isa = PBXFileReference; fileEncoding = 4; lastKnownFileType = sourcecode.c.h; name = FormatingModel.h; path = Model/FormatingModel.h; sourceTree = "<group>"; };
		719CE1D91874627500D2F058 /* FormatingModel.m */ = {isa = PBXFileReference; fileEncoding = 4; lastKnownFileType = sourcecode.c.objc; name = FormatingModel.m; path = Model/FormatingModel.m; sourceTree = "<group>"; };
		71A6D0DD18CC234E005A0F6E /* redheart.png */ = {isa = PBXFileReference; lastKnownFileType = image.png; name = redheart.png; path = Images/redheart.png; sourceTree = "<group>"; };
		71AF5EFA18250D660013ABB3 /* EventFetchModel.h */ = {isa = PBXFileReference; fileEncoding = 4; lastKnownFileType = sourcecode.c.h; name = EventFetchModel.h; path = Model/EventFetchModel.h; sourceTree = "<group>"; };
		71AF5EFB18250D660013ABB3 /* EventFetchModel.m */ = {isa = PBXFileReference; fileEncoding = 4; lastKnownFileType = sourcecode.c.objc; name = EventFetchModel.m; path = Model/EventFetchModel.m; sourceTree = "<group>"; };
		71B763BF1807830A00717D67 /* EventListViewController.h */ = {isa = PBXFileReference; fileEncoding = 4; lastKnownFileType = sourcecode.c.h; name = EventListViewController.h; path = ViewController/EventListViewController.h; sourceTree = "<group>"; };
		71B763C01807830A00717D67 /* EventListViewController.m */ = {isa = PBXFileReference; fileEncoding = 4; lastKnownFileType = sourcecode.c.objc; name = EventListViewController.m; path = ViewController/EventListViewController.m; sourceTree = "<group>"; };
		71D7AF4C189DF3E70082A6AA /* event1.jpg */ = {isa = PBXFileReference; lastKnownFileType = image.jpeg; path = event1.jpg; sourceTree = "<group>"; };
		71D7AF4D189DF3E70082A6AA /* event2.jpg */ = {isa = PBXFileReference; lastKnownFileType = image.jpeg; path = event2.jpg; sourceTree = "<group>"; };
		71D7AF4E189DF3E70082A6AA /* event3.jpg */ = {isa = PBXFileReference; lastKnownFileType = image.jpeg; path = event3.jpg; sourceTree = "<group>"; };
		71D7AF4F189DF3E70082A6AA /* event4.jpg */ = {isa = PBXFileReference; lastKnownFileType = image.jpeg; path = event4.jpg; sourceTree = "<group>"; };
		71D830AD18E7D0D200485B1B /* MobileCoreServices.framework */ = {isa = PBXFileReference; lastKnownFileType = wrapper.framework; name = MobileCoreServices.framework; path = System/Library/Frameworks/MobileCoreServices.framework; sourceTree = SDKROOT; };
		71D830AF18E9927300485B1B /* 152_152icon.png */ = {isa = PBXFileReference; lastKnownFileType = image.png; name = 152_152icon.png; path = Images.xcassets/152_152icon.png; sourceTree = "<group>"; };
		71D830B118E9AB9E00485B1B /* underconstruction.jpg */ = {isa = PBXFileReference; lastKnownFileType = image.jpeg; path = underconstruction.jpg; sourceTree = "<group>"; };
		71DFFA41182104C900269E3E /* SettingPageViewController.h */ = {isa = PBXFileReference; fileEncoding = 4; lastKnownFileType = sourcecode.c.h; name = SettingPageViewController.h; path = ViewController/SettingPageViewController.h; sourceTree = "<group>"; };
		71DFFA42182104C900269E3E /* SettingPageViewController.m */ = {isa = PBXFileReference; fileEncoding = 4; lastKnownFileType = sourcecode.c.objc; name = SettingPageViewController.m; path = ViewController/SettingPageViewController.m; sourceTree = "<group>"; };
		71DFFA4418210FAA00269E3E /* CFNetwork.framework */ = {isa = PBXFileReference; lastKnownFileType = wrapper.framework; name = CFNetwork.framework; path = System/Library/Frameworks/CFNetwork.framework; sourceTree = SDKROOT; };
		71DFFA4618210FB200269E3E /* Security.framework */ = {isa = PBXFileReference; lastKnownFileType = wrapper.framework; name = Security.framework; path = System/Library/Frameworks/Security.framework; sourceTree = SDKROOT; };
		71EE867618784D63007FD900 /* backgroundImage.png */ = {isa = PBXFileReference; lastKnownFileType = image.png; path = backgroundImage.png; sourceTree = "<group>"; };
		71EE867718784D63007FD900 /* profileImage.png */ = {isa = PBXFileReference; lastKnownFileType = image.png; path = profileImage.png; sourceTree = "<group>"; };
		71EE867A18784E04007FD900 /* LoginViewController.h */ = {isa = PBXFileReference; fileEncoding = 4; lastKnownFileType = sourcecode.c.h; name = LoginViewController.h; path = UIXIB/LoginViewController.h; sourceTree = "<group>"; };
		71EE867B18784E04007FD900 /* LoginViewController.m */ = {isa = PBXFileReference; fileEncoding = 4; lastKnownFileType = sourcecode.c.objc; name = LoginViewController.m; path = UIXIB/LoginViewController.m; sourceTree = "<group>"; };
		71EE867C18784E04007FD900 /* LoginViewController.xib */ = {isa = PBXFileReference; fileEncoding = 4; lastKnownFileType = file.xib; name = LoginViewController.xib; path = UIXIB/LoginViewController.xib; sourceTree = "<group>"; };
		71EE8683187854B6007FD900 /* ProfilePageViewController.h */ = {isa = PBXFileReference; fileEncoding = 4; lastKnownFileType = sourcecode.c.h; name = ProfilePageViewController.h; path = ViewController/ProfilePageViewController.h; sourceTree = "<group>"; };
		71EE8684187854B6007FD900 /* ProfilePageViewController.m */ = {isa = PBXFileReference; fileEncoding = 4; lastKnownFileType = sourcecode.c.objc; name = ProfilePageViewController.m; path = ViewController/ProfilePageViewController.m; sourceTree = "<group>"; };
		71F3218717F830D700FFFB95 /* EventApp_Alpha.app */ = {isa = PBXFileReference; explicitFileType = wrapper.application; includeInIndex = 0; path = EventApp_Alpha.app; sourceTree = BUILT_PRODUCTS_DIR; };
		71F3218A17F830D700FFFB95 /* Foundation.framework */ = {isa = PBXFileReference; lastKnownFileType = wrapper.framework; name = Foundation.framework; path = System/Library/Frameworks/Foundation.framework; sourceTree = SDKROOT; };
		71F3218C17F830D700FFFB95 /* CoreGraphics.framework */ = {isa = PBXFileReference; lastKnownFileType = wrapper.framework; name = CoreGraphics.framework; path = System/Library/Frameworks/CoreGraphics.framework; sourceTree = SDKROOT; };
		71F3218E17F830D700FFFB95 /* UIKit.framework */ = {isa = PBXFileReference; lastKnownFileType = wrapper.framework; name = UIKit.framework; path = System/Library/Frameworks/UIKit.framework; sourceTree = SDKROOT; };
		71F3219217F830D700FFFB95 /* EventApp_Alpha-Info.plist */ = {isa = PBXFileReference; lastKnownFileType = text.plist.xml; path = "EventApp_Alpha-Info.plist"; sourceTree = "<group>"; };
		71F3219417F830D700FFFB95 /* en */ = {isa = PBXFileReference; lastKnownFileType = text.plist.strings; name = en; path = en.lproj/InfoPlist.strings; sourceTree = "<group>"; };
		71F3219617F830D700FFFB95 /* main.m */ = {isa = PBXFileReference; lastKnownFileType = sourcecode.c.objc; path = main.m; sourceTree = "<group>"; };
		71F3219817F830D700FFFB95 /* EventApp_Alpha-Prefix.pch */ = {isa = PBXFileReference; lastKnownFileType = sourcecode.c.h; path = "EventApp_Alpha-Prefix.pch"; sourceTree = "<group>"; };
		71F3219917F830D700FFFB95 /* AppDelegate.h */ = {isa = PBXFileReference; lastKnownFileType = sourcecode.c.h; path = AppDelegate.h; sourceTree = "<group>"; };
		71F3219A17F830D700FFFB95 /* AppDelegate.m */ = {isa = PBXFileReference; lastKnownFileType = sourcecode.c.objc; path = AppDelegate.m; sourceTree = "<group>"; };
		71F3219D17F830D700FFFB95 /* Base */ = {isa = PBXFileReference; lastKnownFileType = file.storyboard; name = Base; path = Base.lproj/Main.storyboard; sourceTree = "<group>"; };
		71F321A517F830D700FFFB95 /* Images.xcassets */ = {isa = PBXFileReference; lastKnownFileType = folder.assetcatalog; path = Images.xcassets; sourceTree = "<group>"; };
		71F321AB17F830D700FFFB95 /* EventApp_AlphaTests.xctest */ = {isa = PBXFileReference; explicitFileType = wrapper.cfbundle; includeInIndex = 0; path = EventApp_AlphaTests.xctest; sourceTree = BUILT_PRODUCTS_DIR; };
		71F321B417F830D700FFFB95 /* EventApp_AlphaTests-Info.plist */ = {isa = PBXFileReference; lastKnownFileType = text.plist.xml; path = "EventApp_AlphaTests-Info.plist"; sourceTree = "<group>"; };
		71F321B617F830D700FFFB95 /* en */ = {isa = PBXFileReference; lastKnownFileType = text.plist.strings; name = en; path = en.lproj/InfoPlist.strings; sourceTree = "<group>"; };
		71F321B817F830D700FFFB95 /* EventApp_AlphaTests.m */ = {isa = PBXFileReference; lastKnownFileType = sourcecode.c.objc; path = EventApp_AlphaTests.m; sourceTree = "<group>"; };
		71F8A91D183C7CAB001AEF6A /* EventEdittingViewController.h */ = {isa = PBXFileReference; fileEncoding = 4; lastKnownFileType = sourcecode.c.h; name = EventEdittingViewController.h; path = ViewController/EventEdittingViewController.h; sourceTree = "<group>"; };
		71F8A91E183C7CAB001AEF6A /* EventEdittingViewController.m */ = {isa = PBXFileReference; fileEncoding = 4; lastKnownFileType = sourcecode.c.objc; name = EventEdittingViewController.m; path = ViewController/EventEdittingViewController.m; sourceTree = "<group>"; };
/* End PBXFileReference section */

/* Begin PBXFrameworksBuildPhase section */
		71F3218417F830D700FFFB95 /* Frameworks */ = {
			isa = PBXFrameworksBuildPhase;
			buildActionMask = 2147483647;
			files = (
				71D830AE18E7D0D200485B1B /* MobileCoreServices.framework in Frameworks */,
				71DFFA4718210FB200269E3E /* Security.framework in Frameworks */,
				71DFFA4518210FAA00269E3E /* CFNetwork.framework in Frameworks */,
				71F3218D17F830D700FFFB95 /* CoreGraphics.framework in Frameworks */,
				71F3218F17F830D700FFFB95 /* UIKit.framework in Frameworks */,
				71F3218B17F830D700FFFB95 /* Foundation.framework in Frameworks */,
			);
			runOnlyForDeploymentPostprocessing = 0;
		};
		71F321A817F830D700FFFB95 /* Frameworks */ = {
			isa = PBXFrameworksBuildPhase;
			buildActionMask = 2147483647;
			files = (
				71F321AF17F830D700FFFB95 /* UIKit.framework in Frameworks */,
				71F321AE17F830D700FFFB95 /* Foundation.framework in Frameworks */,
			);
			runOnlyForDeploymentPostprocessing = 0;
		};
/* End PBXFrameworksBuildPhase section */

/* Begin PBXGroup section */
		7103FE9418A9C16B0047EFAD /* EventRecommend */ = {
			isa = PBXGroup;
			children = (
				712A2C691884FBBF00BF3AC6 /* RecommandViewController.h */,
				712A2C6A1884FBBF00BF3AC6 /* RecommandViewController.m */,
				7103FE9518A9C1A30047EFAD /* PageViewController.h */,
				7103FE9618A9C1A30047EFAD /* PageViewController.m */,
				7103FE9818A9C2820047EFAD /* PageContentViewController.h */,
				7103FE9918A9C2820047EFAD /* PageContentViewController.m */,
			);
			name = EventRecommend;
			sourceTree = "<group>";
		};
		7104A7A11824D1BA00EB3AD5 /* Model */ = {
			isa = PBXGroup;
			children = (
				719664621879BAE200D8BC7B /* HUD */,
				719CE1D71874623800D2F058 /* FormatingModels */,
				719CE1D61874621B00D2F058 /* DataCommunicationModels */,
			);
			name = Model;
			sourceTree = "<group>";
		};
		712A2C681884FBAA00BF3AC6 /* Recommand */ = {
			isa = PBXGroup;
			children = (
			);
			name = Recommand;
			sourceTree = "<group>";
		};
		7185DF9718B9AF4F00C3DE90 /* ProgressHUD */ = {
			isa = PBXGroup;
			children = (
				7185DF9818B9AF4F00C3DE90 /* ProgressHUD.bundle */,
				7185DF9918B9AF4F00C3DE90 /* ProgressHUD.h */,
				7185DF9A18B9AF4F00C3DE90 /* ProgressHUD.m */,
			);
			name = ProgressHUD;
			path = UIXIB/ProgressHUD;
			sourceTree = "<group>";
		};
		718C900E185DA03E00D86EA1 /* CustomizeCell */ = {
			isa = PBXGroup;
			children = (
				718C900F185DA0A300D86EA1 /* TemplateTableCell.h */,
				718C9010185DA0A300D86EA1 /* TemplateTableCell.m */,
			);
			name = CustomizeCell;
			sourceTree = "<group>";
		};
		71910216185EC40200B81F77 /* UI */ = {
			isa = PBXGroup;
			children = (
				71EE867A18784E04007FD900 /* LoginViewController.h */,
				71EE867B18784E04007FD900 /* LoginViewController.m */,
				71EE867C18784E04007FD900 /* LoginViewController.xib */,
			);
			name = UI;
			sourceTree = "<group>";
		};
		719664621879BAE200D8BC7B /* HUD */ = {
			isa = PBXGroup;
			children = (
				7185DF9718B9AF4F00C3DE90 /* ProgressHUD */,
				719664631879BB1900D8BC7B /* popoverAlterModel.h */,
				719664641879BB1900D8BC7B /* popoverAlterModel.m */,
			);
			name = HUD;
			sourceTree = "<group>";
		};
		71974BA61869A618004493DC /* CQMFloatingView */ = {
			isa = PBXGroup;
			children = (
				71974BA71869A618004493DC /* CQMFloatingContentOverlayView.h */,
				71974BA81869A618004493DC /* CQMFloatingContentOverlayView.m */,
				71974BA91869A618004493DC /* CQMFloatingController.h */,
				71974BAA1869A618004493DC /* CQMFloatingController.m */,
				71974BAB1869A618004493DC /* CQMFloatingFrameView.h */,
				71974BAC1869A618004493DC /* CQMFloatingFrameView.m */,
				71974BAD1869A618004493DC /* CQMFloatingMaskControl.h */,
				71974BAE1869A618004493DC /* CQMFloatingMaskControl.m */,
				71974BAF1869A618004493DC /* CQMFloatingMaskControlDelegate.h */,
				71974BB01869A618004493DC /* CQMFloatingNavigationBar.h */,
				71974BB11869A618004493DC /* CQMFloatingNavigationBar.m */,
				71974BB21869A618004493DC /* CQMPathUtilities.h */,
				71974BB31869A618004493DC /* CQMPathUtilities.m */,
			);
			name = CQMFloatingView;
			path = ViewController/CQMFloatingView;
			sourceTree = "<group>";
		};
		719CE1D61874621B00D2F058 /* DataCommunicationModels */ = {
			isa = PBXGroup;
			children = (
				712A2C571883A4EA00BF3AC6 /* DataTransferModel.h */,
				712A2C581883A4EA00BF3AC6 /* DataTransferModel.m */,
				712A2C591883A4EA00BF3AC6 /* URLConstructModel.h */,
				712A2C5A1883A4EA00BF3AC6 /* URLConstructModel.m */,
				7104A79E1824D1B500EB3AD5 /* EventListFetchModel.h */,
				7104A79F1824D1B500EB3AD5 /* EventListFetchModel.m */,
				71AF5EFA18250D660013ABB3 /* EventFetchModel.h */,
				71AF5EFB18250D660013ABB3 /* EventFetchModel.m */,
				7185DF9418B9609A00C3DE90 /* EventPostModel.h */,
				7185DF9518B9609A00C3DE90 /* EventPostModel.m */,
			);
			name = DataCommunicationModels;
			sourceTree = "<group>";
		};
		719CE1D71874623800D2F058 /* FormatingModels */ = {
			isa = PBXGroup;
			children = (
				719CE1D81874627500D2F058 /* FormatingModel.h */,
				719CE1D91874627500D2F058 /* FormatingModel.m */,
			);
			name = FormatingModels;
			sourceTree = "<group>";
		};
		71B763C21807832100717D67 /* ViewController */ = {
			isa = PBXGroup;
			children = (
				712A2C681884FBAA00BF3AC6 /* Recommand */,
				71974BA61869A618004493DC /* CQMFloatingView */,
				71F8A914183C7AB8001AEF6A /* Event */,
				71F8A917183C7B19001AEF6A /* MainTab */,
				71F8A918183C7B23001AEF6A /* Setting */,
			);
			name = ViewController;
			sourceTree = "<group>";
		};
		71D7AF5418A1D0CA0082A6AA /* Icons */ = {
			isa = PBXGroup;
			children = (
				71D830AF18E9927300485B1B /* 152_152icon.png */,
				71A6D0DD18CC234E005A0F6E /* redheart.png */,
				7103FE8E18A1ED6A0047EFAD /* locationIcon_done.png */,
				7103FE8F18A1ED6A0047EFAD /* peopleIcon_done.png */,
				7103FE9018A1ED6A0047EFAD /* TimeIcon_done.png */,
				7103FE9B18AA0BE70047EFAD /* greyheart_done.png */,
				7103FE9C18AA0BE70047EFAD /* greytick_done.png */,
			);
			name = Icons;
			sourceTree = "<group>";
		};
		71EE867518784D63007FD900 /* Images */ = {
			isa = PBXGroup;
			children = (
				71D830B118E9AB9E00485B1B /* underconstruction.jpg */,
				71D7AF4C189DF3E70082A6AA /* event1.jpg */,
				71D7AF4D189DF3E70082A6AA /* event2.jpg */,
				71D7AF4E189DF3E70082A6AA /* event3.jpg */,
				71D7AF4F189DF3E70082A6AA /* event4.jpg */,
				71EE867618784D63007FD900 /* backgroundImage.png */,
				71EE867718784D63007FD900 /* profileImage.png */,
			);
			path = Images;
			sourceTree = "<group>";
		};
		71F3217E17F830D700FFFB95 = {
			isa = PBXGroup;
			children = (
				71F3219017F830D700FFFB95 /* EventApp_Alpha */,
				71F321B217F830D700FFFB95 /* EventApp_AlphaTests */,
				71F3218917F830D700FFFB95 /* Frameworks */,
				71F3218817F830D700FFFB95 /* Products */,
			);
			sourceTree = "<group>";
		};
		71F3218817F830D700FFFB95 /* Products */ = {
			isa = PBXGroup;
			children = (
				71F3218717F830D700FFFB95 /* EventApp_Alpha.app */,
				71F321AB17F830D700FFFB95 /* EventApp_AlphaTests.xctest */,
			);
			name = Products;
			sourceTree = "<group>";
		};
		71F3218917F830D700FFFB95 /* Frameworks */ = {
			isa = PBXGroup;
			children = (
				71D830AD18E7D0D200485B1B /* MobileCoreServices.framework */,
				71DFFA4618210FB200269E3E /* Security.framework */,
				71DFFA4418210FAA00269E3E /* CFNetwork.framework */,
				71F3218A17F830D700FFFB95 /* Foundation.framework */,
				71F3218C17F830D700FFFB95 /* CoreGraphics.framework */,
				71F3218E17F830D700FFFB95 /* UIKit.framework */,
			);
			name = Frameworks;
			sourceTree = "<group>";
		};
		71F3219017F830D700FFFB95 /* EventApp_Alpha */ = {
			isa = PBXGroup;
			children = (
				71F3219917F830D700FFFB95 /* AppDelegate.h */,
				71F3219A17F830D700FFFB95 /* AppDelegate.m */,
				71F3219C17F830D700FFFB95 /* Main.storyboard */,
				71F321A517F830D700FFFB95 /* Images.xcassets */,
				71B763C21807832100717D67 /* ViewController */,
				7104A7A11824D1BA00EB3AD5 /* Model */,
				71910216185EC40200B81F77 /* UI */,
				71F3219117F830D700FFFB95 /* Supporting Files */,
			);
			path = EventApp_Alpha;
			sourceTree = "<group>";
		};
		71F3219117F830D700FFFB95 /* Supporting Files */ = {
			isa = PBXGroup;
			children = (
				71D7AF5418A1D0CA0082A6AA /* Icons */,
				71EE867518784D63007FD900 /* Images */,
				71910224185EE0F300B81F77 /* Localrecord.json */,
				71F3219217F830D700FFFB95 /* EventApp_Alpha-Info.plist */,
				71F3219317F830D700FFFB95 /* InfoPlist.strings */,
				71F3219617F830D700FFFB95 /* main.m */,
				71F3219817F830D700FFFB95 /* EventApp_Alpha-Prefix.pch */,
			);
			name = "Supporting Files";
			sourceTree = "<group>";
		};
		71F321B217F830D700FFFB95 /* EventApp_AlphaTests */ = {
			isa = PBXGroup;
			children = (
				71F321B817F830D700FFFB95 /* EventApp_AlphaTests.m */,
				71F321B317F830D700FFFB95 /* Supporting Files */,
			);
			path = EventApp_AlphaTests;
			sourceTree = "<group>";
		};
		71F321B317F830D700FFFB95 /* Supporting Files */ = {
			isa = PBXGroup;
			children = (
				71F321B417F830D700FFFB95 /* EventApp_AlphaTests-Info.plist */,
				71F321B517F830D700FFFB95 /* InfoPlist.strings */,
			);
			name = "Supporting Files";
			sourceTree = "<group>";
		};
		71F8A914183C7AB8001AEF6A /* Event */ = {
			isa = PBXGroup;
			children = (
				7103FE9418A9C16B0047EFAD /* EventRecommend */,
				71F8A919183C7BA5001AEF6A /* EventCreating */,
				71F8A916183C7AEA001AEF6A /* EventDetail */,
				71F8A915183C7AD5001AEF6A /* EventList */,
			);
			name = Event;
			sourceTree = "<group>";
		};
		71F8A915183C7AD5001AEF6A /* EventList */ = {
			isa = PBXGroup;
			children = (
				718C900E185DA03E00D86EA1 /* CustomizeCell */,
				71B763BF1807830A00717D67 /* EventListViewController.h */,
				71B763C01807830A00717D67 /* EventListViewController.m */,
			);
			name = EventList;
			sourceTree = "<group>";
		};
		71F8A916183C7AEA001AEF6A /* EventDetail */ = {
			isa = PBXGroup;
			children = (
				7191C6351808024100E86482 /* EventDetailViewController.h */,
				7191C6361808024100E86482 /* EventDetailViewController.m */,
				7103FE9F18AA1A220047EFAD /* CommentViewController.h */,
				7103FEA018AA1A220047EFAD /* CommentViewController.m */,
				7103FEA218AAE99E0047EFAD /* FullScreenImageController.h */,
				7103FEA318AAE99E0047EFAD /* FullScreenImageController.m */,
			);
			name = EventDetail;
			sourceTree = "<group>";
		};
		71F8A917183C7B19001AEF6A /* MainTab */ = {
			isa = PBXGroup;
			children = (
				7191C63B18080A4E00E86482 /* MainTabViewController.h */,
				7191C63C18080A4E00E86482 /* MainTabViewController.m */,
			);
			name = MainTab;
			sourceTree = "<group>";
		};
		71F8A918183C7B23001AEF6A /* Setting */ = {
			isa = PBXGroup;
			children = (
				71DFFA41182104C900269E3E /* SettingPageViewController.h */,
				71DFFA42182104C900269E3E /* SettingPageViewController.m */,
				71EE8683187854B6007FD900 /* ProfilePageViewController.h */,
				71EE8684187854B6007FD900 /* ProfilePageViewController.m */,
			);
			name = Setting;
			sourceTree = "<group>";
		};
		71F8A919183C7BA5001AEF6A /* EventCreating */ = {
			isa = PBXGroup;
			children = (
				71F8A91D183C7CAB001AEF6A /* EventEdittingViewController.h */,
				71F8A91E183C7CAB001AEF6A /* EventEdittingViewController.m */,
			);
			name = EventCreating;
			sourceTree = "<group>";
		};
/* End PBXGroup section */

/* Begin PBXNativeTarget section */
		71F3218617F830D700FFFB95 /* EventApp_Alpha */ = {
			isa = PBXNativeTarget;
			buildConfigurationList = 71F321BC17F830D700FFFB95 /* Build configuration list for PBXNativeTarget "EventApp_Alpha" */;
			buildPhases = (
				71F3218317F830D700FFFB95 /* Sources */,
				71F3218417F830D700FFFB95 /* Frameworks */,
				71F3218517F830D700FFFB95 /* Resources */,
			);
			buildRules = (
			);
			dependencies = (
			);
			name = EventApp_Alpha;
			productName = EventApp_Alpha;
			productReference = 71F3218717F830D700FFFB95 /* EventApp_Alpha.app */;
			productType = "com.apple.product-type.application";
		};
		71F321AA17F830D700FFFB95 /* EventApp_AlphaTests */ = {
			isa = PBXNativeTarget;
			buildConfigurationList = 71F321BF17F830D700FFFB95 /* Build configuration list for PBXNativeTarget "EventApp_AlphaTests" */;
			buildPhases = (
				71F321A717F830D700FFFB95 /* Sources */,
				71F321A817F830D700FFFB95 /* Frameworks */,
				71F321A917F830D700FFFB95 /* Resources */,
			);
			buildRules = (
			);
			dependencies = (
				71F321B117F830D700FFFB95 /* PBXTargetDependency */,
			);
			name = EventApp_AlphaTests;
			productName = EventApp_AlphaTests;
			productReference = 71F321AB17F830D700FFFB95 /* EventApp_AlphaTests.xctest */;
			productType = "com.apple.product-type.bundle.unit-test";
		};
/* End PBXNativeTarget section */

/* Begin PBXProject section */
		71F3217F17F830D700FFFB95 /* Project object */ = {
			isa = PBXProject;
			attributes = {
				LastUpgradeCheck = 0510;
				ORGANIZATIONNAME = 2013_Fall_Dev_Team_A;
				TargetAttributes = {
					71F3218617F830D700FFFB95 = {
						DevelopmentTeam = RN98FM5S9N;
					};
					71F321AA17F830D700FFFB95 = {
						TestTargetID = 71F3218617F830D700FFFB95;
					};
				};
			};
			buildConfigurationList = 71F3218217F830D700FFFB95 /* Build configuration list for PBXProject "EventApp_Alpha" */;
			compatibilityVersion = "Xcode 3.2";
			developmentRegion = English;
			hasScannedForEncodings = 0;
			knownRegions = (
				en,
				Base,
			);
			mainGroup = 71F3217E17F830D700FFFB95;
			productRefGroup = 71F3218817F830D700FFFB95 /* Products */;
			projectDirPath = "";
			projectRoot = "";
			targets = (
				71F3218617F830D700FFFB95 /* EventApp_Alpha */,
				71F321AA17F830D700FFFB95 /* EventApp_AlphaTests */,
			);
		};
/* End PBXProject section */

/* Begin PBXResourcesBuildPhase section */
		71F3218517F830D700FFFB95 /* Resources */ = {
			isa = PBXResourcesBuildPhase;
			buildActionMask = 2147483647;
			files = (
				7103FE9E18AA0BE70047EFAD /* greytick_done.png in Resources */,
				7103FE9118A1ED6A0047EFAD /* locationIcon_done.png in Resources */,
				71EE867E18784E04007FD900 /* LoginViewController.xib in Resources */,
				71DFFA48182115A900269E3E /* Main.storyboard in Resources */,
				7103FE9218A1ED6A0047EFAD /* peopleIcon_done.png in Resources */,
				71D7AF50189DF3E70082A6AA /* event1.jpg in Resources */,
				71D830B018E9927300485B1B /* 152_152icon.png in Resources */,
				71D7AF52189DF3E70082A6AA /* event3.jpg in Resources */,
				71F321A617F830D700FFFB95 /* Images.xcassets in Resources */,
				71D830B218E9AB9E00485B1B /* underconstruction.jpg in Resources */,
				71EE867918784D63007FD900 /* profileImage.png in Resources */,
				7103FE9318A1ED6A0047EFAD /* TimeIcon_done.png in Resources */,
				71D7AF51189DF3E70082A6AA /* event2.jpg in Resources */,
				71D7AF53189DF3E70082A6AA /* event4.jpg in Resources */,
				71A6D0DE18CC234E005A0F6E /* redheart.png in Resources */,
				71910225185EE0F300B81F77 /* Localrecord.json in Resources */,
				7185DF9B18B9AF4F00C3DE90 /* ProgressHUD.bundle in Resources */,
				7103FE9D18AA0BE70047EFAD /* greyheart_done.png in Resources */,
				71EE867818784D63007FD900 /* backgroundImage.png in Resources */,
				71F3219517F830D700FFFB95 /* InfoPlist.strings in Resources */,
			);
			runOnlyForDeploymentPostprocessing = 0;
		};
		71F321A917F830D700FFFB95 /* Resources */ = {
			isa = PBXResourcesBuildPhase;
			buildActionMask = 2147483647;
			files = (
				71F321B717F830D700FFFB95 /* InfoPlist.strings in Resources */,
			);
			runOnlyForDeploymentPostprocessing = 0;
		};
/* End PBXResourcesBuildPhase section */

/* Begin PBXSourcesBuildPhase section */
		71F3218317F830D700FFFB95 /* Sources */ = {
			isa = PBXSourcesBuildPhase;
			buildActionMask = 2147483647;
			files = (
				71974BB61869A618004493DC /* CQMFloatingFrameView.m in Sources */,
				719664651879BB1900D8BC7B /* popoverAlterModel.m in Sources */,
				71B763C11807830A00717D67 /* EventListViewController.m in Sources */,
				71974BB81869A618004493DC /* CQMFloatingNavigationBar.m in Sources */,
				71EE8685187854B6007FD900 /* ProfilePageViewController.m in Sources */,
				71F8A91F183C7CAB001AEF6A /* EventEdittingViewController.m in Sources */,
				718C9011185DA0A300D86EA1 /* TemplateTableCell.m in Sources */,
				7185DF9618B9609A00C3DE90 /* EventPostModel.m in Sources */,
				7104A7A01824D1B500EB3AD5 /* EventListFetchModel.m in Sources */,
				7103FE9A18A9C2820047EFAD /* PageContentViewController.m in Sources */,
				71974BB41869A618004493DC /* CQMFloatingContentOverlayView.m in Sources */,
				71974BB71869A618004493DC /* CQMFloatingMaskControl.m in Sources */,
				7103FE9718A9C1A30047EFAD /* PageViewController.m in Sources */,
				7191C63D18080A4E00E86482 /* MainTabViewController.m in Sources */,
				7191C6371808024100E86482 /* EventDetailViewController.m in Sources */,
				71F3219B17F830D700FFFB95 /* AppDelegate.m in Sources */,
				71F3219717F830D700FFFB95 /* main.m in Sources */,
				712A2C5B1883A4EA00BF3AC6 /* DataTransferModel.m in Sources */,
				71AF5EFC18250D660013ABB3 /* EventFetchModel.m in Sources */,
				71974BB51869A618004493DC /* CQMFloatingController.m in Sources */,
				712A2C6B1884FBBF00BF3AC6 /* RecommandViewController.m in Sources */,
				7185DF9C18B9AF4F00C3DE90 /* ProgressHUD.m in Sources */,
				7103FEA118AA1A220047EFAD /* CommentViewController.m in Sources */,
				71974BB91869A618004493DC /* CQMPathUtilities.m in Sources */,
				719CE1DA1874627500D2F058 /* FormatingModel.m in Sources */,
				712A2C5C1883A4EA00BF3AC6 /* URLConstructModel.m in Sources */,
				7103FEA418AAE99E0047EFAD /* FullScreenImageController.m in Sources */,
				71EE867D18784E04007FD900 /* LoginViewController.m in Sources */,
				71DFFA43182104C900269E3E /* SettingPageViewController.m in Sources */,
			);
			runOnlyForDeploymentPostprocessing = 0;
		};
		71F321A717F830D700FFFB95 /* Sources */ = {
			isa = PBXSourcesBuildPhase;
			buildActionMask = 2147483647;
			files = (
				71F321B917F830D700FFFB95 /* EventApp_AlphaTests.m in Sources */,
			);
			runOnlyForDeploymentPostprocessing = 0;
		};
/* End PBXSourcesBuildPhase section */

/* Begin PBXTargetDependency section */
		71F321B117F830D700FFFB95 /* PBXTargetDependency */ = {
			isa = PBXTargetDependency;
			target = 71F3218617F830D700FFFB95 /* EventApp_Alpha */;
			targetProxy = 71F321B017F830D700FFFB95 /* PBXContainerItemProxy */;
		};
/* End PBXTargetDependency section */

/* Begin PBXVariantGroup section */
		71F3219317F830D700FFFB95 /* InfoPlist.strings */ = {
			isa = PBXVariantGroup;
			children = (
				71F3219417F830D700FFFB95 /* en */,
			);
			name = InfoPlist.strings;
			sourceTree = "<group>";
		};
		71F3219C17F830D700FFFB95 /* Main.storyboard */ = {
			isa = PBXVariantGroup;
			children = (
				71F3219D17F830D700FFFB95 /* Base */,
			);
			name = Main.storyboard;
			sourceTree = "<group>";
		};
		71F321B517F830D700FFFB95 /* InfoPlist.strings */ = {
			isa = PBXVariantGroup;
			children = (
				71F321B617F830D700FFFB95 /* en */,
			);
			name = InfoPlist.strings;
			sourceTree = "<group>";
		};
/* End PBXVariantGroup section */

/* Begin XCBuildConfiguration section */
		71F321BA17F830D700FFFB95 /* Debug */ = {
			isa = XCBuildConfiguration;
			buildSettings = {
				ALWAYS_SEARCH_USER_PATHS = NO;
				CLANG_CXX_LANGUAGE_STANDARD = "gnu++0x";
				CLANG_CXX_LIBRARY = "libc++";
				CLANG_ENABLE_MODULES = YES;
				CLANG_ENABLE_OBJC_ARC = YES;
				CLANG_WARN_BOOL_CONVERSION = YES;
				CLANG_WARN_CONSTANT_CONVERSION = YES;
				CLANG_WARN_DIRECT_OBJC_ISA_USAGE = YES_ERROR;
				CLANG_WARN_EMPTY_BODY = YES;
				CLANG_WARN_ENUM_CONVERSION = YES;
				CLANG_WARN_INT_CONVERSION = YES;
				CLANG_WARN_OBJC_ROOT_CLASS = YES_ERROR;
				CLANG_WARN__DUPLICATE_METHOD_MATCH = YES;
				"CODE_SIGN_IDENTITY[sdk=iphoneos*]" = "iPhone Developer";
				COPY_PHASE_STRIP = NO;
				GCC_C_LANGUAGE_STANDARD = gnu99;
				GCC_DYNAMIC_NO_PIC = NO;
				GCC_OPTIMIZATION_LEVEL = 0;
				GCC_PREPROCESSOR_DEFINITIONS = (
					"DEBUG=1",
					"$(inherited)",
				);
				GCC_SYMBOLS_PRIVATE_EXTERN = NO;
				GCC_WARN_64_TO_32_BIT_CONVERSION = YES;
				GCC_WARN_ABOUT_RETURN_TYPE = YES_ERROR;
				GCC_WARN_UNDECLARED_SELECTOR = YES;
				GCC_WARN_UNINITIALIZED_AUTOS = YES;
				GCC_WARN_UNUSED_FUNCTION = YES;
				GCC_WARN_UNUSED_VARIABLE = YES;
				IPHONEOS_DEPLOYMENT_TARGET = 7.0;
				ONLY_ACTIVE_ARCH = YES;
				OTHER_LDFLAGS = "";
				"OTHER_LDFLAGS[arch=*]" = "";
				SDKROOT = iphoneos;
			};
			name = Debug;
		};
		71F321BB17F830D700FFFB95 /* Release */ = {
			isa = XCBuildConfiguration;
			buildSettings = {
				ALWAYS_SEARCH_USER_PATHS = NO;
				CLANG_CXX_LANGUAGE_STANDARD = "gnu++0x";
				CLANG_CXX_LIBRARY = "libc++";
				CLANG_ENABLE_MODULES = YES;
				CLANG_ENABLE_OBJC_ARC = YES;
				CLANG_WARN_BOOL_CONVERSION = YES;
				CLANG_WARN_CONSTANT_CONVERSION = YES;
				CLANG_WARN_DIRECT_OBJC_ISA_USAGE = YES_ERROR;
				CLANG_WARN_EMPTY_BODY = YES;
				CLANG_WARN_ENUM_CONVERSION = YES;
				CLANG_WARN_INT_CONVERSION = YES;
				CLANG_WARN_OBJC_ROOT_CLASS = YES_ERROR;
				CLANG_WARN__DUPLICATE_METHOD_MATCH = YES;
				"CODE_SIGN_IDENTITY[sdk=iphoneos*]" = "iPhone Developer";
				COPY_PHASE_STRIP = YES;
				ENABLE_NS_ASSERTIONS = NO;
				GCC_C_LANGUAGE_STANDARD = gnu99;
				GCC_WARN_64_TO_32_BIT_CONVERSION = YES;
				GCC_WARN_ABOUT_RETURN_TYPE = YES_ERROR;
				GCC_WARN_UNDECLARED_SELECTOR = YES;
				GCC_WARN_UNINITIALIZED_AUTOS = YES;
				GCC_WARN_UNUSED_FUNCTION = YES;
				GCC_WARN_UNUSED_VARIABLE = YES;
				IPHONEOS_DEPLOYMENT_TARGET = 7.0;
				OTHER_LDFLAGS = "";
				"OTHER_LDFLAGS[arch=*]" = "";
				SDKROOT = iphoneos;
				VALIDATE_PRODUCT = YES;
			};
			name = Release;
		};
		71F321BD17F830D700FFFB95 /* Debug */ = {
			isa = XCBuildConfiguration;
			buildSettings = {
				ASSETCATALOG_COMPILER_APPICON_NAME = AppIcon;
				ASSETCATALOG_COMPILER_LAUNCHIMAGE_NAME = LaunchImage;
				CODE_SIGN_IDENTITY = "iPhone Developer";
				"CODE_SIGN_IDENTITY[sdk=iphoneos*]" = "iPhone Developer";
				GCC_PRECOMPILE_PREFIX_HEADER = YES;
				GCC_PREFIX_HEADER = "EventApp_Alpha/EventApp_Alpha-Prefix.pch";
				INFOPLIST_FILE = "EventApp_Alpha/EventApp_Alpha-Info.plist";
				LIBRARY_SEARCH_PATHS = "$(inherited)";
				PRODUCT_NAME = "$(TARGET_NAME)";
				PROVISIONING_PROFILE = "";
				TARGETED_DEVICE_FAMILY = 1;
				WRAPPER_EXTENSION = app;
			};
			name = Debug;
		};
		71F321BE17F830D700FFFB95 /* Release */ = {
			isa = XCBuildConfiguration;
			buildSettings = {
				ASSETCATALOG_COMPILER_APPICON_NAME = AppIcon;
				ASSETCATALOG_COMPILER_LAUNCHIMAGE_NAME = LaunchImage;
				CODE_SIGN_IDENTITY = "iPhone Developer";
				"CODE_SIGN_IDENTITY[sdk=iphoneos*]" = "iPhone Developer";
				GCC_PRECOMPILE_PREFIX_HEADER = YES;
				GCC_PREFIX_HEADER = "EventApp_Alpha/EventApp_Alpha-Prefix.pch";
				INFOPLIST_FILE = "EventApp_Alpha/EventApp_Alpha-Info.plist";
				LIBRARY_SEARCH_PATHS = "$(inherited)";
				PRODUCT_NAME = "$(TARGET_NAME)";
				PROVISIONING_PROFILE = "";
				TARGETED_DEVICE_FAMILY = 1;
				WRAPPER_EXTENSION = app;
			};
			name = Release;
		};
		71F321C017F830D700FFFB95 /* Debug */ = {
			isa = XCBuildConfiguration;
			buildSettings = {
				BUNDLE_LOADER = "$(BUILT_PRODUCTS_DIR)/EventApp_Alpha.app/EventApp_Alpha";
				FRAMEWORK_SEARCH_PATHS = (
					"$(SDKROOT)/Developer/Library/Frameworks",
					"$(inherited)",
					"$(DEVELOPER_FRAMEWORKS_DIR)",
				);
				GCC_PRECOMPILE_PREFIX_HEADER = YES;
				GCC_PREFIX_HEADER = "EventApp_Alpha/EventApp_Alpha-Prefix.pch";
				GCC_PREPROCESSOR_DEFINITIONS = (
					"DEBUG=1",
					"$(inherited)",
				);
				INFOPLIST_FILE = "EventApp_AlphaTests/EventApp_AlphaTests-Info.plist";
				PRODUCT_NAME = "$(TARGET_NAME)";
				TEST_HOST = "$(BUNDLE_LOADER)";
				WRAPPER_EXTENSION = xctest;
			};
			name = Debug;
		};
		71F321C117F830D700FFFB95 /* Release */ = {
			isa = XCBuildConfiguration;
			buildSettings = {
				BUNDLE_LOADER = "$(BUILT_PRODUCTS_DIR)/EventApp_Alpha.app/EventApp_Alpha";
				FRAMEWORK_SEARCH_PATHS = (
					"$(SDKROOT)/Developer/Library/Frameworks",
					"$(inherited)",
					"$(DEVELOPER_FRAMEWORKS_DIR)",
				);
				GCC_PRECOMPILE_PREFIX_HEADER = YES;
				GCC_PREFIX_HEADER = "EventApp_Alpha/EventApp_Alpha-Prefix.pch";
				INFOPLIST_FILE = "EventApp_AlphaTests/EventApp_AlphaTests-Info.plist";
				PRODUCT_NAME = "$(TARGET_NAME)";
				TEST_HOST = "$(BUNDLE_LOADER)";
				WRAPPER_EXTENSION = xctest;
			};
			name = Release;
		};
/* End XCBuildConfiguration section */

/* Begin XCConfigurationList section */
		71F3218217F830D700FFFB95 /* Build configuration list for PBXProject "EventApp_Alpha" */ = {
			isa = XCConfigurationList;
			buildConfigurations = (
				71F321BA17F830D700FFFB95 /* Debug */,
				71F321BB17F830D700FFFB95 /* Release */,
			);
			defaultConfigurationIsVisible = 0;
			defaultConfigurationName = Release;
		};
		71F321BC17F830D700FFFB95 /* Build configuration list for PBXNativeTarget "EventApp_Alpha" */ = {
			isa = XCConfigurationList;
			buildConfigurations = (
				71F321BD17F830D700FFFB95 /* Debug */,
				71F321BE17F830D700FFFB95 /* Release */,
			);
			defaultConfigurationIsVisible = 0;
			defaultConfigurationName = Release;
		};
		71F321BF17F830D700FFFB95 /* Build configuration list for PBXNativeTarget "EventApp_AlphaTests" */ = {
			isa = XCConfigurationList;
			buildConfigurations = (
				71F321C017F830D700FFFB95 /* Debug */,
				71F321C117F830D700FFFB95 /* Release */,
			);
			defaultConfigurationIsVisible = 0;
			defaultConfigurationName = Release;
		};
/* End XCConfigurationList section */
	};
	rootObject = 71F3217F17F830D700FFFB95 /* Project object */;
}
